
Microsoft Visual Studio Solution File, Format Version 12.00
# Visual Studio Version 17
VisualStudioVersion = 17.0.31903.59
MinimumVisualStudioVersion = 10.0.40219.1
Project("{2150E333-8FDC-42A3-9474-1A3956D46DE8}") = "src", "src", "{827E0CD3-B72D-47B6-A68D-7590B98EB39B}"
EndProject
Project("{FAE04EC0-301F-11D3-BF4B-00C04F79EFBC}") = "Crucible.Abstractions", "src\Crucible.Abstractions\Crucible.Abstractions.csproj", "{B2D5C05B-4745-4E84-B1F0-9C7EC9FBB12F}"
EndProject
Project("{FAE04EC0-301F-11D3-BF4B-00C04F79EFBC}") = "Crucible.Runtime", "src\Crucible.Runtime\Crucible.Runtime.csproj", "{DB9B9882-38A6-4D66-A6BB-75CE9E954F12}"
EndProject
Project("{FAE04EC0-301F-11D3-BF4B-00C04F79EFBC}") = "Crucible.Concurrency", "src\Crucible.Concurrency\Crucible.Concurrency.csproj", "{8026C3F7-E031-4988-95CE-6F9E18C00139}"
EndProject
Project("{FAE04EC0-301F-11D3-BF4B-00C04F79EFBC}") = "Crucible.Faults", "src\Crucible.Faults\Crucible.Faults.csproj", "{FD3D385E-DCA5-45B1-8142-374E8E5FB472}"
EndProject
Project("{FAE04EC0-301F-11D3-BF4B-00C04F79EFBC}") = "Crucible.Checking", "src\Crucible.Checking\Crucible.Checking.csproj", "{96185AEE-C82C-4944-AAE3-E6F2B0243877}"
EndProject
Project("{FAE04EC0-301F-11D3-BF4B-00C04F79EFBC}") = "Crucible.Protocols", "src\Crucible.Protocols\Crucible.Protocols.csproj", "{4A4E2182-1F08-497D-88F6-08B31D47BAB0}"
EndProject
Project("{FAE04EC0-301F-11D3-BF4B-00C04F79EFBC}") = "Crucible.Structures", "src\Crucible.Structures\Crucible.Structures.csproj", "{18B0E4A9-ECD9-48E2-A231-45F2801774B5}"
EndProject
Project("{FAE04EC0-301F-11D3-BF4B-00C04F79EFBC}") = "Crucible.Cli", "src\Crucible.Cli\Crucible.Cli.csproj", "{1844949B-5721-4D35-B007-760C4511F54C}"
EndProject
Project("{FAE04EC0-301F-11D3-BF4B-00C04F79EFBC}") = "Crucible.Tests", "tests\Crucible.Tests\Crucible.Tests.csproj", "{FB8A46A8-CB79-4BAA-BBCF-0A42BFE832DC}"
EndProject
Global
	GlobalSection(SolutionConfigurationPlatforms) = preSolution
		Debug|Any CPU = Debug|Any CPU
		Debug|x64 = Debug|x64
		Debug|x86 = Debug|x86
		Release|Any CPU = Release|Any CPU
		Release|x64 = Release|x64
		Release|x86 = Release|x86
	EndGlobalSection
	GlobalSection(ProjectConfigurationPlatforms) = postSolution
		{B2D5C05B-4745-4E84-B1F0-9C7EC9FBB12F}.Debug|Any CPU.ActiveCfg = Debug|Any CPU
		{B2D5C05B-4745-4E84-B1F0-9C7EC9FBB12F}.Debug|Any CPU.Build.0 = Debug|Any CPU
		{B2D5C05B-4745-4E84-B1F0-9C7EC9FBB12F}.Debug|x64.ActiveCfg = Debug|Any CPU
		{B2D5C05B-4745-4E84-B1F0-9C7EC9FBB12F}.Debug|x64.Build.0 = Debug|Any CPU
		{B2D5C05B-4745-4E84-B1F0-9C7EC9FBB12F}.Debug|x86.ActiveCfg = Debug|Any CPU
		{B2D5C05B-4745-4E84-B1F0-9C7EC9FBB12F}.Debug|x86.Build.0 = Debug|Any CPU
		{B2D5C05B-4745-4E84-B1F0-9C7EC9FBB12F}.Release|Any CPU.ActiveCfg = Release|Any CPU
		{B2D5C05B-4745-4E84-B1F0-9C7EC9FBB12F}.Release|Any CPU.Build.0 = Release|Any CPU
		{B2D5C05B-4745-4E84-B1F0-9C7EC9FBB12F}.Release|x64.ActiveCfg = Release|Any CPU
		{B2D5C05B-4745-4E84-B1F0-9C7EC9FBB12F}.Release|x64.Build.0 = Release|Any CPU
		{B2D5C05B-4745-4E84-B1F0-9C7EC9FBB12F}.Release|x86.ActiveCfg = Release|Any CPU
		{B2D5C05B-4745-4E84-B1F0-9C7EC9FBB12F}.Release|x86.Build.0 = Release|Any CPU
		{DB9B9882-38A6-4D66-A6BB-75CE9E954F12}.Debug|Any CPU.ActiveCfg = Debug|Any CPU
		{DB9B9882-38A6-4D66-A6BB-75CE9E954F12}.Debug|Any CPU.Build.0 = Debug|Any CPU
		{DB9B9882-38A6-4D66-A6BB-75CE9E954F12}.Debug|x64.ActiveCfg = Debug|Any CPU
		{DB9B9882-38A6-4D66-A6BB-75CE9E954F12}.Debug|x64.Build.0 = Debug|Any CPU
		{DB9B9882-38A6-4D66-A6BB-75CE9E954F12}.Debug|x86.ActiveCfg = Debug|Any CPU
		{DB9B9882-38A6-4D66-A6BB-75CE9E954F12}.Debug|x86.Build.0 = Debug|Any CPU
		{DB9B9882-38A6-4D66-A6BB-75CE9E954F12}.Release|Any CPU.ActiveCfg = Release|Any CPU
		{DB9B9882-38A6-4D66-A6BB-75CE9E954F12}.Release|Any CPU.Build.0 = Release|Any CPU
		{DB9B9882-38A6-4D66-A6BB-75CE9E954F12}.Release|x64.ActiveCfg = Release|Any CPU
		{DB9B9882-38A6-4D66-A6BB-75CE9E954F12}.Release|x64.Build.0 = Release|Any CPU
		{DB9B9882-38A6-4D66-A6BB-75CE9E954F12}.Release|x86.ActiveCfg = Release|Any CPU
		{DB9B9882-38A6-4D66-A6BB-75CE9E954F12}.Release|x86.Build.0 = Release|Any CPU
		{8026C3F7-E031-4988-95CE-6F9E18C00139}.Debug|Any CPU.ActiveCfg = Debug|Any CPU
		{8026C3F7-E031-4988-95CE-6F9E18C00139}.Debug|Any CPU.Build.0 = Debug|Any CPU
		{8026C3F7-E031-4988-95CE-6F9E18C00139}.Debug|x64.ActiveCfg = Debug|Any CPU
		{8026C3F7-E031-4988-95CE-6F9E18C00139}.Debug|x64.Build.0 = Debug|Any CPU
		{8026C3F7-E031-4988-95CE-6F9E18C00139}.Debug|x86.ActiveCfg = Debug|Any CPU
		{8026C3F7-E031-4988-95CE-6F9E18C00139}.Debug|x86.Build.0 = Debug|Any CPU
		{8026C3F7-E031-4988-95CE-6F9E18C00139}.Release|Any CPU.ActiveCfg = Release|Any CPU
		{8026C3F7-E031-4988-95CE-6F9E18C00139}.Release|Any CPU.Build.0 = Release|Any CPU
		{8026C3F7-E031-4988-95CE-6F9E18C00139}.Release|x64.ActiveCfg = Release|Any CPU
		{8026C3F7-E031-4988-95CE-6F9E18C00139}.Release|x64.Build.0 = Release|Any CPU
		{8026C3F7-E031-4988-95CE-6F9E18C00139}.Release|x86.ActiveCfg = Release|Any CPU
		{8026C3F7-E031-4988-95CE-6F9E18C00139}.Release|x86.Build.0 = Release|Any CPU
		{FD3D385E-DCA5-45B1-8142-374E8E5FB472}.Debug|Any CPU.ActiveCfg = Debug|Any CPU
		{FD3D385E-DCA5-45B1-8142-374E8E5FB472}.Debug|Any CPU.Build.0 = Debug|Any CPU
		{FD3D385E-DCA5-45B1-8142-374E8E5FB472}.Debug|x64.ActiveCfg = Debug|Any CPU
		{FD3D385E-DCA5-45B1-8142-374E8E5FB472}.Debug|x64.Build.0 = Debug|Any CPU
		{FD3D385E-DCA5-45B1-8142-374E8E5FB472}.Debug|x86.ActiveCfg = Debug|Any CPU
		{FD3D385E-DCA5-45B1-8142-374E8E5FB472}.Debug|x86.Build.0 = Debug|Any CPU
		{FD3D385E-DCA5-45B1-8142-374E8E5FB472}.Release|Any CPU.ActiveCfg = Release|Any CPU
		{FD3D385E-DCA5-45B1-8142-374E8E5FB472}.Release|Any CPU.Build.0 = Release|Any CPU
		{FD3D385E-DCA5-45B1-8142-374E8E5FB472}.Release|x64.ActiveCfg = Release|Any CPU
		{FD3D385E-DCA5-45B1-8142-374E8E5FB472}.Release|x64.Build.0 = Release|Any CPU
		{FD3D385E-DCA5-45B1-8142-374E8E5FB472}.Release|x86.ActiveCfg = Release|Any CPU
		{FD3D385E-DCA5-45B1-8142-374E8E5FB472}.Release|x86.Build.0 = Release|Any CPU
		{96185AEE-C82C-4944-AAE3-E6F2B0243877}.Debug|Any CPU.ActiveCfg = Debug|Any CPU
		{96185AEE-C82C-4944-AAE3-E6F2B0243877}.Debug|Any CPU.Build.0 = Debug|Any CPU
		{96185AEE-C82C-4944-AAE3-E6F2B0243877}.Debug|x64.ActiveCfg = Debug|Any CPU
		{96185AEE-C82C-4944-AAE3-E6F2B0243877}.Debug|x64.Build.0 = Debug|Any CPU
		{96185AEE-C82C-4944-AAE3-E6F2B0243877}.Debug|x86.ActiveCfg = Debug|Any CPU
		{96185AEE-C82C-4944-AAE3-E6F2B0243877}.Debug|x86.Build.0 = Debug|Any CPU
		{96185AEE-C82C-4944-AAE3-E6F2B0243877}.Release|Any CPU.ActiveCfg = Release|Any CPU
		{96185AEE-C82C-4944-AAE3-E6F2B0243877}.Release|Any CPU.Build.0 = Release|Any CPU
		{96185AEE-C82C-4944-AAE3-E6F2B0243877}.Release|x64.ActiveCfg = Release|Any CPU
		{96185AEE-C82C-4944-AAE3-E6F2B0243877}.Release|x64.Build.0 = Release|Any CPU
		{96185AEE-C82C-4944-AAE3-E6F2B0243877}.Release|x86.ActiveCfg = Release|Any CPU
		{96185AEE-C82C-4944-AAE3-E6F2B0243877}.Release|x86.Build.0 = Release|Any CPU
		{4A4E2182-1F08-497D-88F6-08B31D47BAB0}.Debug|Any CPU.ActiveCfg = Debug|Any CPU
		{4A4E2182-1F08-497D-88F6-08B31D47BAB0}.Debug|Any CPU.Build.0 = Debug|Any CPU
		{4A4E2182-1F08-497D-88F6-08B31D47BAB0}.Debug|x64.ActiveCfg = Debug|Any CPU
		{4A4E2182-1F08-497D-88F6-08B31D47BAB0}.Debug|x64.Build.0 = Debug|Any CPU
		{4A4E2182-1F08-497D-88F6-08B31D47BAB0}.Debug|x86.ActiveCfg = Debug|Any CPU
		{4A4E2182-1F08-497D-88F6-08B31D47BAB0}.Debug|x86.Build.0 = Debug|Any CPU
		{4A4E2182-1F08-497D-88F6-08B31D47BAB0}.Release|Any CPU.ActiveCfg = Release|Any CPU
		{4A4E2182-1F08-497D-88F6-08B31D47BAB0}.Release|Any CPU.Build.0 = Release|Any CPU
		{4A4E2182-1F08-497D-88F6-08B31D47BAB0}.Release|x64.ActiveCfg = Release|Any CPU
		{4A4E2182-1F08-497D-88F6-08B31D47BAB0}.Release|x64.Build.0 = Release|Any CPU
		{4A4E2182-1F08-497D-88F6-08B31D47BAB0}.Release|x86.ActiveCfg = Release|Any CPU
		{4A4E2182-1F08-497D-88F6-08B31D47BAB0}.Release|x86.Build.0 = Release|Any CPU
		{18B0E4A9-ECD9-48E2-A231-45F2801774B5}.Debug|Any CPU.ActiveCfg = Debug|Any CPU
		{18B0E4A9-ECD9-48E2-A231-45F2801774B5}.Debug|Any CPU.Build.0 = Debug|Any CPU
		{18B0E4A9-ECD9-48E2-A231-45F2801774B5}.Debug|x64.ActiveCfg = Debug|Any CPU
		{18B0E4A9-ECD9-48E2-A231-45F2801774B5}.Debug|x64.Build.0 = Debug|Any CPU
		{18B0E4A9-ECD9-48E2-A231-45F2801774B5}.Debug|x86.ActiveCfg = Debug|Any CPU
		{18B0E4A9-ECD9-48E2-A231-45F2801774B5}.Debug|x86.Build.0 = Debug|Any CPU
		{18B0E4A9-ECD9-48E2-A231-45F2801774B5}.Release|Any CPU.ActiveCfg = Release|Any CPU
		{18B0E4A9-ECD9-48E2-A231-45F2801774B5}.Release|Any CPU.Build.0 = Release|Any CPU
		{18B0E4A9-ECD9-48E2-A231-45F2801774B5}.Release|x64.ActiveCfg = Release|Any CPU
		{18B0E4A9-ECD9-48E2-A231-45F2801774B5}.Release|x64.Build.0 = Release|Any CPU
		{18B0E4A9-ECD9-48E2-A231-45F2801774B5}.Release|x86.ActiveCfg = Release|Any CPU
		{18B0E4A9-ECD9-48E2-A231-45F2801774B5}.Release|x86.Build.0 = Release|Any CPU
		{1844949B-5721-4D35-B007-760C4511F54C}.Debug|Any CPU.ActiveCfg = Debug|Any CPU
		{1844949B-5721-4D35-B007-760C4511F54C}.Debug|Any CPU.Build.0 = Debug|Any CPU
		{1844949B-5721-4D35-B007-760C4511F54C}.Debug|x64.ActiveCfg = Debug|Any CPU
		{1844949B-5721-4D35-B007-760C4511F54C}.Debug|x64.Build.0 = Debug|Any CPU
		{1844949B-5721-4D35-B007-760C4511F54C}.Debug|x86.ActiveCfg = Debug|Any CPU
		{1844949B-5721-4D35-B007-760C4511F54C}.Debug|x86.Build.0 = Debug|Any CPU
		{1844949B-5721-4D35-B007-760C4511F54C}.Release|Any CPU.ActiveCfg = Release|Any CPU
		{1844949B-5721-4D35-B007-760C4511F54C}.Release|Any CPU.Build.0 = Release|Any CPU
		{1844949B-5721-4D35-B007-760C4511F54C}.Release|x64.ActiveCfg = Release|Any CPU
		{1844949B-5721-4D35-B007-760C4511F54C}.Release|x64.Build.0 = Release|Any CPU
		{1844949B-5721-4D35-B007-760C4511F54C}.Release|x86.ActiveCfg = Release|Any CPU
		{1844949B-5721-4D35-B007-760C4511F54C}.Release|x86.Build.0 = Release|Any CPU
		{FB8A46A8-CB79-4BAA-BBCF-0A42BFE832DC}.Debug|Any CPU.ActiveCfg = Debug|Any CPU
		{FB8A46A8-CB79-4BAA-BBCF-0A42BFE832DC}.Debug|Any CPU.Build.0 = Debug|Any CPU
		{FB8A46A8-CB79-4BAA-BBCF-0A42BFE832DC}.Debug|x64.ActiveCfg = Debug|Any CPU
		{FB8A46A8-CB79-4BAA-BBCF-0A42BFE832DC}.Debug|x64.Build.0 = Debug|Any CPU
		{FB8A46A8-CB79-4BAA-BBCF-0A42BFE832DC}.Debug|x86.ActiveCfg = Debug|Any CPU
		{FB8A46A8-CB79-4BAA-BBCF-0A42BFE832DC}.Debug|x86.Build.0 = Debug|Any CPU
		{FB8A46A8-CB79-4BAA-BBCF-0A42BFE832DC}.Release|Any CPU.ActiveCfg = Release|Any CPU
		{FB8A46A8-CB79-4BAA-BBCF-0A42BFE832DC}.Release|Any CPU.Build.0 = Release|Any CPU
		{FB8A46A8-CB79-4BAA-BBCF-0A42BFE832DC}.Release|x64.ActiveCfg = Release|Any CPU
		{FB8A46A8-CB79-4BAA-BBCF-0A42BFE832DC}.Release|x64.Build.0 = Release|Any CPU
		{FB8A46A8-CB79-4BAA-BBCF-0A42BFE832DC}.Release|x86.ActiveCfg = Release|Any CPU
		{FB8A46A8-CB79-4BAA-BBCF-0A42BFE832DC}.Release|x86.Build.0 = Release|Any CPU
	EndGlobalSection
	GlobalSection(SolutionProperties) = preSolution
		HideSolutionNode = FALSE
	EndGlobalSection
	GlobalSection(NestedProjects) = preSolution
		{B2D5C05B-4745-4E84-B1F0-9C7EC9FBB12F} = {827E0CD3-B72D-47B6-A68D-7590B98EB39B}
		{DB9B9882-38A6-4D66-A6BB-75CE9E954F12} = {827E0CD3-B72D-47B6-A68D-7590B98EB39B}
		{8026C3F7-E031-4988-95CE-6F9E18C00139} = {827E0CD3-B72D-47B6-A68D-7590B98EB39B}
		{FD3D385E-DCA5-45B1-8142-374E8E5FB472} = {827E0CD3-B72D-47B6-A68D-7590B98EB39B}
		{96185AEE-C82C-4944-AAE3-E6F2B0243877} = {827E0CD3-B72D-47B6-A68D-7590B98EB39B}
		{4A4E2182-1F08-497D-88F6-08B31D47BAB0} = {827E0CD3-B72D-47B6-A68D-7590B98EB39B}
		{18B0E4A9-ECD9-48E2-A231-45F2801774B5} = {827E0CD3-B72D-47B6-A68D-7590B98EB39B}
		{1844949B-5721-4D35-B007-760C4511F54C} = {827E0CD3-B72D-47B6-A68D-7590B98EB39B}
		{FB8A46A8-CB79-4BAA-BBCF-0A42BFE832DC} = {827E0CD3-B72D-47B6-A68D-7590B98EB39B}
	EndGlobalSection
EndGlobal
