{
  "version": 1,
  "dependencies": {
    "net9.0": {
      "crucible.abstractions": {
        "type": "Project"
      },
      "crucible.checking": {
        "type": "Project",
        "dependencies": {
          "Crucible.Abstractions": "[1.0.0, )"
        }
      },
      "crucible.concurrency": {
        "type": "Project",
        "dependencies": {
          "Crucible.Abstractions": "[1.0.0, )",
          "Crucible.Runtime": "[1.0.0, )"
        }
      },
      "crucible.faults": {
        "type": "Project",
        "dependencies": {
          "Crucible.Abstractions": "[1.0.0, )",
          "Crucible.Runtime": "[1.0.0, )"
        }
      },
      "crucible.protocols": {
        "type": "Project",
        "dependencies": {
          "Crucible.Abstractions": "[1.0.0, )",
          "Crucible.Checking": "[1.0.0, )",
          "Crucible.Faults": "[1.0.0, )",
          "Crucible.Runtime": "[1.0.0, )",
          "Crucible.Structures": "[1.0.0, )"
        }
      },
      "crucible.runtime": {
        "type": "Project",
        "dependencies": {
          "Crucible.Abstractions": "[1.0.0, )",
          "Crucible.Checking": "[1.0.0, )"
        }
      },
      "crucible.structures": {
        "type": "Project",
        "dependencies": {
          "Crucible.Abstractions": "[1.0.0, )",
          "Crucible.Checking": "[1.0.0, )",
          "Crucible.Runtime": "[1.0.0, )"
        }
      }
    }
  }
}